
Microsoft Visual Studio Solution File, Format Version 12.00
# Visual Studio Version 17
VisualStudioVersion = 17.7.34031.279
MinimumVisualStudioVersion = 10.0.40219.1
Project("{FAE04EC0-301F-11D3-BF4B-00C04F79EFBC}") = "openCV parser", "openCV parser\openCV parser.csproj", "{BB244B27-1524-48F0-9643-E12760AD9040}"
EndProject
Global
	GlobalSection(SolutionConfigurationPlatforms) = preSolution
		Debug|Any CPU = Debug|Any CPU
		Release|Any CPU = Release|Any CPU
	EndGlobalSection
	GlobalSection(ProjectConfigurationPlatforms) = postSolution
		{BB244B27-1524-48F0-9643-E12760AD9040}.Debug|Any CPU.ActiveCfg = Debug|Any CPU
		{BB244B27-1524-48F0-9643-E12760AD9040}.Debug|Any CPU.Build.0 = Debug|Any CPU
		{BB244B27-1524-48F0-9643-E12760AD9040}.Release|Any CPU.ActiveCfg = Release|Any CPU
		{BB244B27-1524-48F0-9643-E12760AD9040}.Release|Any CPU.Build.0 = Release|Any CPU
	EndGlobalSection
	GlobalSection(SolutionProperties) = preSolution
		HideSolutionNode = FALSE
	EndGlobalSection
	GlobalSection(ExtensibilityGlobals) = postSolution
		SolutionGuid = {8397DD59-20CC-4A1B-86E6-6986D4AB74BE}
	EndGlobalSection
EndGlobal
